
Microsoft Visual Studio Solution File, Format Version 12.00
# Visual Studio 2013
VisualStudioVersion = 12.0.30501.0
MinimumVisualStudioVersion = 10.0.40219.1
Project("{D954291E-2A0B-460D-934E-DC6B0785DB48}") = "Fuel.Shared", "Fuel\Fuel.Shared\Fuel.Shared.shproj", "{97F52291-85F2-4DCF-8349-48E39EE4C1D1}"
EndProject
Project("{FAE04EC0-301F-11D3-BF4B-00C04F79EFBC}") = "Fuel.Windows", "Fuel\Fuel.Windows\Fuel.Windows.csproj", "{3EDF4937-F6B0-4F14-BE1E-38DB78D36A04}"
EndProject
Project("{FAE04EC0-301F-11D3-BF4B-00C04F79EFBC}") = "Fuel.WindowsPhone", "Fuel\Fuel.WindowsPhone\Fuel.WindowsPhone.csproj", "{5894B5EA-0B2C-4675-94B5-43C0EE0208D4}"
EndProject
Project("{FAE04EC0-301F-11D3-BF4B-00C04F79EFBC}") = "Fuel.Oauth", "Fuel.Oauth\Fuel.Oauth.csproj", "{A1ED2720-37DB-41C5-BE19-D13D8777B950}"
EndProject
Project("{FAE04EC0-301F-11D3-BF4B-00C04F79EFBC}") = "Fuel.Localization", "Fuel.Localization\Fuel.Localization.csproj", "{F853E628-2A18-4A29-9D9F-C003F8B7C74A}"
EndProject
Project("{FAE04EC0-301F-11D3-BF4B-00C04F79EFBC}") = "Fuel.Api", "Fuel.Api\Fuel.Api.csproj", "{065926EC-F8CE-4CCD-9760-1BA015BFB09A}"
EndProject
Project("{FAE04EC0-301F-11D3-BF4B-00C04F79EFBC}") = "Fuel.Test", "Fuel.Test\Fuel.Test.csproj", "{179590A1-A19E-4142-BB41-C637BBE19375}"
EndProject
Project("{FAE04EC0-301F-11D3-BF4B-00C04F79EFBC}") = "Fuel.WindowsPhone.SL", "Fuel.WindowsPhone.SL\Fuel.WindowsPhone.SL.csproj", "{277ECF7A-F97A-4D0A-8268-85DD271FCEEB}"
EndProject
Project("{2150E333-8FDC-42A3-9474-1A3956D46DE8}") = ".nuget", ".nuget", "{112F7CE9-2605-4A1B-9B75-BC00AA25CC71}"
	ProjectSection(SolutionItems) = preProject
		.nuget\NuGet.Config = .nuget\NuGet.Config
		.nuget\NuGet.exe = .nuget\NuGet.exe
		.nuget\NuGet.targets = .nuget\NuGet.targets
	EndProjectSection
EndProject
Project("{FAE04EC0-301F-11D3-BF4B-00C04F79EFBC}") = "Fuel.WindowsPhone.SL.Login", "Fuel.WindowsPhone.SL.Login\Fuel.WindowsPhone.SL.Login.csproj", "{0B919F4C-FAA1-425B-AF04-E492789B51E9}"
EndProject
Global
	GlobalSection(SharedMSBuildProjectFiles) = preSolution
		Fuel\Fuel.Shared\Fuel.Shared.projitems*{3edf4937-f6b0-4f14-be1e-38db78d36a04}*SharedItemsImports = 4
		Fuel\Fuel.Shared\Fuel.Shared.projitems*{5894b5ea-0b2c-4675-94b5-43c0ee0208d4}*SharedItemsImports = 4
		Fuel\Fuel.Shared\Fuel.Shared.projitems*{97f52291-85f2-4dcf-8349-48e39ee4c1d1}*SharedItemsImports = 13
	EndGlobalSection
	GlobalSection(SolutionConfigurationPlatforms) = preSolution
		Debug|Any CPU = Debug|Any CPU
		Debug|ARM = Debug|ARM
		Debug|x64 = Debug|x64
		Debug|x86 = Debug|x86
		Release|Any CPU = Release|Any CPU
		Release|ARM = Release|ARM
		Release|x64 = Release|x64
		Release|x86 = Release|x86
	EndGlobalSection
	GlobalSection(ProjectConfigurationPlatforms) = postSolution
		{3EDF4937-F6B0-4F14-BE1E-38DB78D36A04}.Debug|Any CPU.ActiveCfg = Debug|Any CPU
		{3EDF4937-F6B0-4F14-BE1E-38DB78D36A04}.Debug|Any CPU.Build.0 = Debug|Any CPU
		{3EDF4937-F6B0-4F14-BE1E-38DB78D36A04}.Debug|Any CPU.Deploy.0 = Debug|Any CPU
		{3EDF4937-F6B0-4F14-BE1E-38DB78D36A04}.Debug|ARM.ActiveCfg = Debug|ARM
		{3EDF4937-F6B0-4F14-BE1E-38DB78D36A04}.Debug|ARM.Build.0 = Debug|ARM
		{3EDF4937-F6B0-4F14-BE1E-38DB78D36A04}.Debug|ARM.Deploy.0 = Debug|ARM
		{3EDF4937-F6B0-4F14-BE1E-38DB78D36A04}.Debug|x64.ActiveCfg = Debug|x64
		{3EDF4937-F6B0-4F14-BE1E-38DB78D36A04}.Debug|x64.Build.0 = Debug|x64
		{3EDF4937-F6B0-4F14-BE1E-38DB78D36A04}.Debug|x64.Deploy.0 = Debug|x64
		{3EDF4937-F6B0-4F14-BE1E-38DB78D36A04}.Debug|x86.ActiveCfg = Debug|x86
		{3EDF4937-F6B0-4F14-BE1E-38DB78D36A04}.Debug|x86.Build.0 = Debug|x86
		{3EDF4937-F6B0-4F14-BE1E-38DB78D36A04}.Debug|x86.Deploy.0 = Debug|x86
		{3EDF4937-F6B0-4F14-BE1E-38DB78D36A04}.Release|Any CPU.ActiveCfg = Release|Any CPU
		{3EDF4937-F6B0-4F14-BE1E-38DB78D36A04}.Release|Any CPU.Build.0 = Release|Any CPU
		{3EDF4937-F6B0-4F14-BE1E-38DB78D36A04}.Release|Any CPU.Deploy.0 = Release|Any CPU
		{3EDF4937-F6B0-4F14-BE1E-38DB78D36A04}.Release|ARM.ActiveCfg = Release|ARM
		{3EDF4937-F6B0-4F14-BE1E-38DB78D36A04}.Release|ARM.Build.0 = Release|ARM
		{3EDF4937-F6B0-4F14-BE1E-38DB78D36A04}.Release|ARM.Deploy.0 = Release|ARM
		{3EDF4937-F6B0-4F14-BE1E-38DB78D36A04}.Release|x64.ActiveCfg = Release|x64
		{3EDF4937-F6B0-4F14-BE1E-38DB78D36A04}.Release|x64.Build.0 = Release|x64
		{3EDF4937-F6B0-4F14-BE1E-38DB78D36A04}.Release|x64.Deploy.0 = Release|x64
		{3EDF4937-F6B0-4F14-BE1E-38DB78D36A04}.Release|x86.ActiveCfg = Release|x86
		{3EDF4937-F6B0-4F14-BE1E-38DB78D36A04}.Release|x86.Build.0 = Release|x86
		{3EDF4937-F6B0-4F14-BE1E-38DB78D36A04}.Release|x86.Deploy.0 = Release|x86
		{5894B5EA-0B2C-4675-94B5-43C0EE0208D4}.Debug|Any CPU.ActiveCfg = Debug|Any CPU
		{5894B5EA-0B2C-4675-94B5-43C0EE0208D4}.Debug|Any CPU.Build.0 = Debug|Any CPU
		{5894B5EA-0B2C-4675-94B5-43C0EE0208D4}.Debug|Any CPU.Deploy.0 = Debug|Any CPU
		{5894B5EA-0B2C-4675-94B5-43C0EE0208D4}.Debug|ARM.ActiveCfg = Debug|ARM
		{5894B5EA-0B2C-4675-94B5-43C0EE0208D4}.Debug|ARM.Build.0 = Debug|ARM
		{5894B5EA-0B2C-4675-94B5-43C0EE0208D4}.Debug|ARM.Deploy.0 = Debug|ARM
		{5894B5EA-0B2C-4675-94B5-43C0EE0208D4}.Debug|x64.ActiveCfg = Debug|Any CPU
		{5894B5EA-0B2C-4675-94B5-43C0EE0208D4}.Debug|x86.ActiveCfg = Debug|x86
		{5894B5EA-0B2C-4675-94B5-43C0EE0208D4}.Debug|x86.Build.0 = Debug|x86
		{5894B5EA-0B2C-4675-94B5-43C0EE0208D4}.Debug|x86.Deploy.0 = Debug|x86
		{5894B5EA-0B2C-4675-94B5-43C0EE0208D4}.Release|Any CPU.ActiveCfg = Release|Any CPU
		{5894B5EA-0B2C-4675-94B5-43C0EE0208D4}.Release|Any CPU.Build.0 = Release|Any CPU
		{5894B5EA-0B2C-4675-94B5-43C0EE0208D4}.Release|Any CPU.Deploy.0 = Release|Any CPU
		{5894B5EA-0B2C-4675-94B5-43C0EE0208D4}.Release|ARM.ActiveCfg = Release|ARM
		{5894B5EA-0B2C-4675-94B5-43C0EE0208D4}.Release|ARM.Build.0 = Release|ARM
		{5894B5EA-0B2C-4675-94B5-43C0EE0208D4}.Release|ARM.Deploy.0 = Release|ARM
		{5894B5EA-0B2C-4675-94B5-43C0EE0208D4}.Release|x64.ActiveCfg = Release|Any CPU
		{5894B5EA-0B2C-4675-94B5-43C0EE0208D4}.Release|x86.ActiveCfg = Release|x86
		{5894B5EA-0B2C-4675-94B5-43C0EE0208D4}.Release|x86.Build.0 = Release|x86
		{5894B5EA-0B2C-4675-94B5-43C0EE0208D4}.Release|x86.Deploy.0 = Release|x86
		{A1ED2720-37DB-41C5-BE19-D13D8777B950}.Debug|Any CPU.ActiveCfg = Debug|Any CPU
		{A1ED2720-37DB-41C5-BE19-D13D8777B950}.Debug|Any CPU.Build.0 = Debug|Any CPU
		{A1ED2720-37DB-41C5-BE19-D13D8777B950}.Debug|ARM.ActiveCfg = Debug|Any CPU
		{A1ED2720-37DB-41C5-BE19-D13D8777B950}.Debug|x64.ActiveCfg = Debug|Any CPU
		{A1ED2720-37DB-41C5-BE19-D13D8777B950}.Debug|x86.ActiveCfg = Debug|Any CPU
		{A1ED2720-37DB-41C5-BE19-D13D8777B950}.Release|Any CPU.ActiveCfg = Release|Any CPU
		{A1ED2720-37DB-41C5-BE19-D13D8777B950}.Release|Any CPU.Build.0 = Release|Any CPU
		{A1ED2720-37DB-41C5-BE19-D13D8777B950}.Release|ARM.ActiveCfg = Release|Any CPU
		{A1ED2720-37DB-41C5-BE19-D13D8777B950}.Release|x64.ActiveCfg = Release|Any CPU
		{A1ED2720-37DB-41C5-BE19-D13D8777B950}.Release|x86.ActiveCfg = Release|Any CPU
		{F853E628-2A18-4A29-9D9F-C003F8B7C74A}.Debug|Any CPU.ActiveCfg = Debug|Any CPU
		{F853E628-2A18-4A29-9D9F-C003F8B7C74A}.Debug|Any CPU.Build.0 = Debug|Any CPU
		{F853E628-2A18-4A29-9D9F-C003F8B7C74A}.Debug|ARM.ActiveCfg = Debug|Any CPU
		{F853E628-2A18-4A29-9D9F-C003F8B7C74A}.Debug|x64.ActiveCfg = Debug|Any CPU
		{F853E628-2A18-4A29-9D9F-C003F8B7C74A}.Debug|x86.ActiveCfg = Debug|Any CPU
		{F853E628-2A18-4A29-9D9F-C003F8B7C74A}.Release|Any CPU.ActiveCfg = Release|Any CPU
		{F853E628-2A18-4A29-9D9F-C003F8B7C74A}.Release|Any CPU.Build.0 = Release|Any CPU
		{F853E628-2A18-4A29-9D9F-C003F8B7C74A}.Release|ARM.ActiveCfg = Release|Any CPU
		{F853E628-2A18-4A29-9D9F-C003F8B7C74A}.Release|x64.ActiveCfg = Release|Any CPU
		{F853E628-2A18-4A29-9D9F-C003F8B7C74A}.Release|x86.ActiveCfg = Release|Any CPU
		{065926EC-F8CE-4CCD-9760-1BA015BFB09A}.Debug|Any CPU.ActiveCfg = Debug|Any CPU
		{065926EC-F8CE-4CCD-9760-1BA015BFB09A}.Debug|Any CPU.Build.0 = Debug|Any CPU
		{065926EC-F8CE-4CCD-9760-1BA015BFB09A}.Debug|ARM.ActiveCfg = Debug|Any CPU
		{065926EC-F8CE-4CCD-9760-1BA015BFB09A}.Debug|x64.ActiveCfg = Debug|Any CPU
		{065926EC-F8CE-4CCD-9760-1BA015BFB09A}.Debug|x86.ActiveCfg = Debug|Any CPU
		{065926EC-F8CE-4CCD-9760-1BA015BFB09A}.Release|Any CPU.ActiveCfg = Release|Any CPU
		{065926EC-F8CE-4CCD-9760-1BA015BFB09A}.Release|Any CPU.Build.0 = Release|Any CPU
		{065926EC-F8CE-4CCD-9760-1BA015BFB09A}.Release|ARM.ActiveCfg = Release|Any CPU
		{065926EC-F8CE-4CCD-9760-1BA015BFB09A}.Release|x64.ActiveCfg = Release|Any CPU
		{065926EC-F8CE-4CCD-9760-1BA015BFB09A}.Release|x86.ActiveCfg = Release|Any CPU
		{179590A1-A19E-4142-BB41-C637BBE19375}.Debug|Any CPU.ActiveCfg = Debug|Any CPU
		{179590A1-A19E-4142-BB41-C637BBE19375}.Debug|Any CPU.Build.0 = Debug|Any CPU
		{179590A1-A19E-4142-BB41-C637BBE19375}.Debug|Any CPU.Deploy.0 = Debug|Any CPU
		{179590A1-A19E-4142-BB41-C637BBE19375}.Debug|ARM.ActiveCfg = Debug|ARM
		{179590A1-A19E-4142-BB41-C637BBE19375}.Debug|ARM.Build.0 = Debug|ARM
		{179590A1-A19E-4142-BB41-C637BBE19375}.Debug|ARM.Deploy.0 = Debug|ARM
		{179590A1-A19E-4142-BB41-C637BBE19375}.Debug|x64.ActiveCfg = Debug|x64
		{179590A1-A19E-4142-BB41-C637BBE19375}.Debug|x64.Build.0 = Debug|x64
		{179590A1-A19E-4142-BB41-C637BBE19375}.Debug|x64.Deploy.0 = Debug|x64
		{179590A1-A19E-4142-BB41-C637BBE19375}.Debug|x86.ActiveCfg = Debug|x86
		{179590A1-A19E-4142-BB41-C637BBE19375}.Debug|x86.Build.0 = Debug|x86
		{179590A1-A19E-4142-BB41-C637BBE19375}.Debug|x86.Deploy.0 = Debug|x86
		{179590A1-A19E-4142-BB41-C637BBE19375}.Release|Any CPU.ActiveCfg = Release|Any CPU
		{179590A1-A19E-4142-BB41-C637BBE19375}.Release|Any CPU.Build.0 = Release|Any CPU
		{179590A1-A19E-4142-BB41-C637BBE19375}.Release|Any CPU.Deploy.0 = Release|Any CPU
		{179590A1-A19E-4142-BB41-C637BBE19375}.Release|ARM.ActiveCfg = Release|ARM
		{179590A1-A19E-4142-BB41-C637BBE19375}.Release|ARM.Build.0 = Release|ARM
		{179590A1-A19E-4142-BB41-C637BBE19375}.Release|ARM.Deploy.0 = Release|ARM
		{179590A1-A19E-4142-BB41-C637BBE19375}.Release|x64.ActiveCfg = Release|x64
		{179590A1-A19E-4142-BB41-C637BBE19375}.Release|x64.Build.0 = Release|x64
		{179590A1-A19E-4142-BB41-C637BBE19375}.Release|x64.Deploy.0 = Release|x64
		{179590A1-A19E-4142-BB41-C637BBE19375}.Release|x86.ActiveCfg = Release|x86
		{179590A1-A19E-4142-BB41-C637BBE19375}.Release|x86.Build.0 = Release|x86
		{179590A1-A19E-4142-BB41-C637BBE19375}.Release|x86.Deploy.0 = Release|x86
		{277ECF7A-F97A-4D0A-8268-85DD271FCEEB}.Debug|Any CPU.ActiveCfg = Debug|Any CPU
		{277ECF7A-F97A-4D0A-8268-85DD271FCEEB}.Debug|Any CPU.Build.0 = Debug|Any CPU
		{277ECF7A-F97A-4D0A-8268-85DD271FCEEB}.Debug|Any CPU.Deploy.0 = Debug|Any CPU
		{277ECF7A-F97A-4D0A-8268-85DD271FCEEB}.Debug|ARM.ActiveCfg = Debug|ARM
		{277ECF7A-F97A-4D0A-8268-85DD271FCEEB}.Debug|ARM.Build.0 = Debug|ARM
		{277ECF7A-F97A-4D0A-8268-85DD271FCEEB}.Debug|ARM.Deploy.0 = Debug|ARM
		{277ECF7A-F97A-4D0A-8268-85DD271FCEEB}.Debug|x64.ActiveCfg = Debug|Any CPU
		{277ECF7A-F97A-4D0A-8268-85DD271FCEEB}.Debug|x86.ActiveCfg = Debug|x86
		{277ECF7A-F97A-4D0A-8268-85DD271FCEEB}.Debug|x86.Build.0 = Debug|x86
		{277ECF7A-F97A-4D0A-8268-85DD271FCEEB}.Debug|x86.Deploy.0 = Debug|x86
		{277ECF7A-F97A-4D0A-8268-85DD271FCEEB}.Release|Any CPU.ActiveCfg = Release|Any CPU
		{277ECF7A-F97A-4D0A-8268-85DD271FCEEB}.Release|Any CPU.Build.0 = Release|Any CPU
		{277ECF7A-F97A-4D0A-8268-85DD271FCEEB}.Release|Any CPU.Deploy.0 = Release|Any CPU
		{277ECF7A-F97A-4D0A-8268-85DD271FCEEB}.Release|ARM.ActiveCfg = Release|ARM
		{277ECF7A-F97A-4D0A-8268-85DD271FCEEB}.Release|ARM.Build.0 = Release|ARM
		{277ECF7A-F97A-4D0A-8268-85DD271FCEEB}.Release|ARM.Deploy.0 = Release|ARM
		{277ECF7A-F97A-4D0A-8268-85DD271FCEEB}.Release|x64.ActiveCfg = Release|Any CPU
		{277ECF7A-F97A-4D0A-8268-85DD271FCEEB}.Release|x86.ActiveCfg = Release|x86
		{277ECF7A-F97A-4D0A-8268-85DD271FCEEB}.Release|x86.Build.0 = Release|x86
		{277ECF7A-F97A-4D0A-8268-85DD271FCEEB}.Release|x86.Deploy.0 = Release|x86
		{0B919F4C-FAA1-425B-AF04-E492789B51E9}.Debug|Any CPU.ActiveCfg = Debug|Any CPU
		{0B919F4C-FAA1-425B-AF04-E492789B51E9}.Debug|Any CPU.Build.0 = Debug|Any CPU
		{0B919F4C-FAA1-425B-AF04-E492789B51E9}.Debug|ARM.ActiveCfg = Debug|ARM
		{0B919F4C-FAA1-425B-AF04-E492789B51E9}.Debug|ARM.Build.0 = Debug|ARM
		{0B919F4C-FAA1-425B-AF04-E492789B51E9}.Debug|x64.ActiveCfg = Debug|Any CPU
		{0B919F4C-FAA1-425B-AF04-E492789B51E9}.Debug|x86.ActiveCfg = Debug|x86
		{0B919F4C-FAA1-425B-AF04-E492789B51E9}.Debug|x86.Build.0 = Debug|x86
		{0B919F4C-FAA1-425B-AF04-E492789B51E9}.Release|Any CPU.ActiveCfg = Release|Any CPU
		{0B919F4C-FAA1-425B-AF04-E492789B51E9}.Release|Any CPU.Build.0 = Release|Any CPU
		{0B919F4C-FAA1-425B-AF04-E492789B51E9}.Release|ARM.ActiveCfg = Release|ARM
		{0B919F4C-FAA1-425B-AF04-E492789B51E9}.Release|ARM.Build.0 = Release|ARM
		{0B919F4C-FAA1-425B-AF04-E492789B51E9}.Release|x64.ActiveCfg = Release|Any CPU
		{0B919F4C-FAA1-425B-AF04-E492789B51E9}.Release|x86.ActiveCfg = Release|x86
		{0B919F4C-FAA1-425B-AF04-E492789B51E9}.Release|x86.Build.0 = Release|x86
	EndGlobalSection
	GlobalSection(SolutionProperties) = preSolution
		HideSolutionNode = FALSE
	EndGlobalSection
EndGlobal
